// !$*UTF8*$!
{
	archiveVersion = 1;
	classes = {
	};
	objectVersion = 48;
	objects = {

/* Begin PBXBuildFile section */
		D8CF41F220D78F3E005A157A /* AppDelegate.swift in Sources */ = {isa = PBXBuildFile; fileRef = D8CF41F120D78F3E005A157A /* AppDelegate.swift */; };
		D8CF41F420D78F3E005A157A /* ViewController.swift in Sources */ = {isa = PBXBuildFile; fileRef = D8CF41F320D78F3E005A157A /* ViewController.swift */; };
		D8CF41F720D78F3E005A157A /* Main.storyboard in Resources */ = {isa = PBXBuildFile; fileRef = D8CF41F520D78F3E005A157A /* Main.storyboard */; };
		D8CF41F920D78F3E005A157A /* Assets.xcassets in Resources */ = {isa = PBXBuildFile; fileRef = D8CF41F820D78F3E005A157A /* Assets.xcassets */; };
		D8CF41FC20D78F3E005A157A /* LaunchScreen.storyboard in Resources */ = {isa = PBXBuildFile; fileRef = D8CF41FA20D78F3E005A157A /* LaunchScreen.storyboard */; };
		D8CF420720D78F3E005A157A /* Average_Calculator_for_iOS_11Tests.swift in Sources */ = {isa = PBXBuildFile; fileRef = D8CF420620D78F3E005A157A /* Average_Calculator_for_iOS_11Tests.swift */; };
		D8CF421220D78F3E005A157A /* Average_Calculator_for_iOS_11UITests.swift in Sources */ = {isa = PBXBuildFile; fileRef = D8CF421120D78F3E005A157A /* Average_Calculator_for_iOS_11UITests.swift */; };
/* End PBXBuildFile section */

/* Begin PBXContainerItemProxy section */
		D8CF420320D78F3E005A157A /* PBXContainerItemProxy */ = {
			isa = PBXContainerItemProxy;
			containerPortal = D8CF41E620D78F3D005A157A /* Project object */;
			proxyType = 1;
			remoteGlobalIDString = D8CF41ED20D78F3E005A157A;
			remoteInfo = "Average Calculator for iOS 11";
		};
		D8CF420E20D78F3E005A157A /* PBXContainerItemProxy */ = {
			isa = PBXContainerItemProxy;
			containerPortal = D8CF41E620D78F3D005A157A /* Project object */;
			proxyType = 1;
			remoteGlobalIDString = D8CF41ED20D78F3E005A157A;
			remoteInfo = "Average Calculator for iOS 11";
		};
/* End PBXContainerItemProxy section */

/* Begin PBXFileReference section */
		D8CF41EE20D78F3E005A157A /* Average Calculator for iOS 11.app */ = {isa = PBXFileReference; explicitFileType = wrapper.application; includeInIndex = 0; path = "Average Calculator for iOS 11.app"; sourceTree = BUILT_PRODUCTS_DIR; };
		D8CF41F120D78F3E005A157A /* AppDelegate.swift */ = {isa = PBXFileReference; lastKnownFileType = sourcecode.swift; path = AppDelegate.swift; sourceTree = "<group>"; };
		D8CF41F320D78F3E005A157A /* ViewController.swift */ = {isa = PBXFileReference; lastKnownFileType = sourcecode.swift; path = ViewController.swift; sourceTree = "<group>"; };
		D8CF41F620D78F3E005A157A /* Base */ = {isa = PBXFileReference; lastKnownFileType = file.storyboard; name = Base; path = Base.lproj/Main.storyboard; sourceTree = "<group>"; };
		D8CF41F820D78F3E005A157A /* Assets.xcassets */ = {isa = PBXFileReference; lastKnownFileType = folder.assetcatalog; path = Assets.xcassets; sourceTree = "<group>"; };
		D8CF41FB20D78F3E005A157A /* Base */ = {isa = PBXFileReference; lastKnownFileType = file.storyboard; name = Base; path = Base.lproj/LaunchScreen.storyboard; sourceTree = "<group>"; };
		D8CF41FD20D78F3E005A157A /* Info.plist */ = {isa = PBXFileReference; lastKnownFileType = text.plist.xml; path = Info.plist; sourceTree = "<group>"; };
		D8CF420220D78F3E005A157A /* Average Calculator for iOS 11Tests.xctest */ = {isa = PBXFileReference; explicitFileType = wrapper.cfbundle; includeInIndex = 0; path = "Average Calculator for iOS 11Tests.xctest"; sourceTree = BUILT_PRODUCTS_DIR; };
		D8CF420620D78F3E005A157A /* Average_Calculator_for_iOS_11Tests.swift */ = {isa = PBXFileReference; lastKnownFileType = sourcecode.swift; path = Average_Calculator_for_iOS_11Tests.swift; sourceTree = "<group>"; };
		D8CF420820D78F3E005A157A /* Info.plist */ = {isa = PBXFileReference; lastKnownFileType = text.plist.xml; path = Info.plist; sourceTree = "<group>"; };
		D8CF420D20D78F3E005A157A /* Average Calculator for iOS 11UITests.xctest */ = {isa = PBXFileReference; explicitFileType = wrapper.cfbundle; includeInIndex = 0; path = "Average Calculator for iOS 11UITests.xctest"; sourceTree = BUILT_PRODUCTS_DIR; };
		D8CF421120D78F3E005A157A /* Average_Calculator_for_iOS_11UITests.swift */ = {isa = PBXFileReference; lastKnownFileType = sourcecode.swift; path = Average_Calculator_for_iOS_11UITests.swift; sourceTree = "<group>"; };
		D8CF421320D78F3E005A157A /* Info.plist */ = {isa = PBXFileReference; lastKnownFileType = text.plist.xml; path = Info.plist; sourceTree = "<group>"; };
/* End PBXFileReference section */

/* Begin PBXFrameworksBuildPhase section */
		D8CF41EB20D78F3E005A157A /* Frameworks */ = {
			isa = PBXFrameworksBuildPhase;
			buildActionMask = 2147483647;
			files = (
			);
			runOnlyForDeploymentPostprocessing = 0;
		};
		D8CF41FF20D78F3E005A157A /* Frameworks */ = {
			isa = PBXFrameworksBuildPhase;
			buildActionMask = 2147483647;
			files = (
			);
			runOnlyForDeploymentPostprocessing = 0;
		};
		D8CF420A20D78F3E005A157A /* Frameworks */ = {
			isa = PBXFrameworksBuildPhase;
			buildActionMask = 2147483647;
			files = (
			);
			runOnlyForDeploymentPostprocessing = 0;
		};
/* End PBXFrameworksBuildPhase section */

/* Begin PBXGroup section */
		D8CF41E520D78F3D005A157A = {
			isa = PBXGroup;
			children = (
				D8CF41F020D78F3E005A157A /* Average Calculator for iOS 11 */,
				D8CF420520D78F3E005A157A /* Average Calculator for iOS 11Tests */,
				D8CF421020D78F3E005A157A /* Average Calculator for iOS 11UITests */,
				D8CF41EF20D78F3E005A157A /* Products */,
			);
			sourceTree = "<group>";
		};
		D8CF41EF20D78F3E005A157A /* Products */ = {
			isa = PBXGroup;
			children = (
				D8CF41EE20D78F3E005A157A /* Average Calculator for iOS 11.app */,
				D8CF420220D78F3E005A157A /* Average Calculator for iOS 11Tests.xctest */,
				D8CF420D20D78F3E005A157A /* Average Calculator for iOS 11UITests.xctest */,
			);
			name = Products;
			sourceTree = "<group>";
		};
		D8CF41F020D78F3E005A157A /* Average Calculator for iOS 11 */ = {
			isa = PBXGroup;
			children = (
				D8CF41F120D78F3E005A157A /* AppDelegate.swift */,
				D8CF41F320D78F3E005A157A /* ViewController.swift */,
				D8CF41F520D78F3E005A157A /* Main.storyboard */,
				D8CF41F820D78F3E005A157A /* Assets.xcassets */,
				D8CF41FA20D78F3E005A157A /* LaunchScreen.storyboard */,
				D8CF41FD20D78F3E005A157A /* Info.plist */,
			);
			path = "Average Calculator for iOS 11";
			sourceTree = "<group>";
		};
		D8CF420520D78F3E005A157A /* Average Calculator for iOS 11Tests */ = {
			isa = PBXGroup;
			children = (
				D8CF420620D78F3E005A157A /* Average_Calculator_for_iOS_11Tests.swift */,
				D8CF420820D78F3E005A157A /* Info.plist */,
			);
			path = "Average Calculator for iOS 11Tests";
			sourceTree = "<group>";
		};
		D8CF421020D78F3E005A157A /* Average Calculator for iOS 11UITests */ = {
			isa = PBXGroup;
			children = (
				D8CF421120D78F3E005A157A /* Average_Calculator_for_iOS_11UITests.swift */,
				D8CF421320D78F3E005A157A /* Info.plist */,
			);
			path = "Average Calculator for iOS 11UITests";
			sourceTree = "<group>";
		};
/* End PBXGroup section */

/* Begin PBXNativeTarget section */
		D8CF41ED20D78F3E005A157A /* Average Calculator for iOS 11 */ = {
			isa = PBXNativeTarget;
			buildConfigurationList = D8CF421620D78F3E005A157A /* Build configuration list for PBXNativeTarget "Average Calculator for iOS 11" */;
			buildPhases = (
				D8CF41EA20D78F3E005A157A /* Sources */,
				D8CF41EB20D78F3E005A157A /* Frameworks */,
				D8CF41EC20D78F3E005A157A /* Resources */,
			);
			buildRules = (
			);
			dependencies = (
			);
			name = "Average Calculator for iOS 11";
			productName = "Average Calculator for iOS 11";
			productReference = D8CF41EE20D78F3E005A157A /* Average Calculator for iOS 11.app */;
			productType = "com.apple.product-type.application";
		};
		D8CF420120D78F3E005A157A /* Average Calculator for iOS 11Tests */ = {
			isa = PBXNativeTarget;
			buildConfigurationList = D8CF421920D78F3E005A157A /* Build configuration list for PBXNativeTarget "Average Calculator for iOS 11Tests" */;
			buildPhases = (
				D8CF41FE20D78F3E005A157A /* Sources */,
				D8CF41FF20D78F3E005A157A /* Frameworks */,
				D8CF420020D78F3E005A157A /* Resources */,
			);
			buildRules = (
			);
			dependencies = (
				D8CF420420D78F3E005A157A /* PBXTargetDependency */,
			);
			name = "Average Calculator for iOS 11Tests";
			productName = "Average Calculator for iOS 11Tests";
			productReference = D8CF420220D78F3E005A157A /* Average Calculator for iOS 11Tests.xctest */;
			productType = "com.apple.product-type.bundle.unit-test";
		};
		D8CF420C20D78F3E005A157A /* Average Calculator for iOS 11UITests */ = {
			isa = PBXNativeTarget;
			buildConfigurationList = D8CF421C20D78F3E005A157A /* Build configuration list for PBXNativeTarget "Average Calculator for iOS 11UITests" */;
			buildPhases = (
				D8CF420920D78F3E005A157A /* Sources */,
				D8CF420A20D78F3E005A157A /* Frameworks */,
				D8CF420B20D78F3E005A157A /* Resources */,
			);
			buildRules = (
			);
			dependencies = (
				D8CF420F20D78F3E005A157A /* PBXTargetDependency */,
			);
			name = "Average Calculator for iOS 11UITests";
			productName = "Average Calculator for iOS 11UITests";
			productReference = D8CF420D20D78F3E005A157A /* Average Calculator for iOS 11UITests.xctest */;
			productType = "com.apple.product-type.bundle.ui-testing";
		};
/* End PBXNativeTarget section */

/* Begin PBXProject section */
		D8CF41E620D78F3D005A157A /* Project object */ = {
			isa = PBXProject;
			attributes = {
				LastSwiftUpdateCheck = 0900;
				LastUpgradeCheck = 0900;
				ORGANIZATIONNAME = "Sohardh Chobera";
				TargetAttributes = {
					D8CF41ED20D78F3E005A157A = {
						CreatedOnToolsVersion = 9.0;
						ProvisioningStyle = Automatic;
					};
					D8CF420120D78F3E005A157A = {
						CreatedOnToolsVersion = 9.0;
						ProvisioningStyle = Automatic;
						TestTargetID = D8CF41ED20D78F3E005A157A;
					};
					D8CF420C20D78F3E005A157A = {
						CreatedOnToolsVersion = 9.0;
						ProvisioningStyle = Automatic;
						TestTargetID = D8CF41ED20D78F3E005A157A;
					};
				};
			};
			buildConfigurationList = D8CF41E920D78F3E005A157A /* Build configuration list for PBXProject "Average Calculator for iOS 11" */;
			compatibilityVersion = "Xcode 8.0";
			developmentRegion = en;
			hasScannedForEncodings = 0;
			knownRegions = (
				en,
				Base,
			);
			mainGroup = D8CF41E520D78F3D005A157A;
			productRefGroup = D8CF41EF20D78F3E005A157A /* Products */;
			projectDirPath = "";
			projectRoot = "";
			targets = (
				D8CF41ED20D78F3E005A157A /* Average Calculator for iOS 11 */,
				D8CF420120D78F3E005A157A /* Average Calculator for iOS 11Tests */,
				D8CF420C20D78F3E005A157A /* Average Calculator for iOS 11UITests */,
			);
		};
/* End PBXProject section */

/* Begin PBXResourcesBuildPhase section */
		D8CF41EC20D78F3E005A157A /* Resources */ = {
			isa = PBXResourcesBuildPhase;
			buildActionMask = 2147483647;
			files = (
				D8CF41FC20D78F3E005A157A /* LaunchScreen.storyboard in Resources */,
				D8CF41F920D78F3E005A157A /* Assets.xcassets in Resources */,
				D8CF41F720D78F3E005A157A /* Main.storyboard in Resources */,
			);
			runOnlyForDeploymentPostprocessing = 0;
		};
		D8CF420020D78F3E005A157A /* Resources */ = {
			isa = PBXResourcesBuildPhase;
			buildActionMask = 2147483647;
			files = (
			);
			runOnlyForDeploymentPostprocessing = 0;
		};
		D8CF420B20D78F3E005A157A /* Resources */ = {
			isa = PBXResourcesBuildPhase;
			buildActionMask = 2147483647;
			files = (
			);
			runOnlyForDeploymentPostprocessing = 0;
		};
/* End PBXResourcesBuildPhase section */

/* Begin PBXSourcesBuildPhase section */
		D8CF41EA20D78F3E005A157A /* Sources */ = {
			isa = PBXSourcesBuildPhase;
			buildActionMask = 2147483647;
			files = (
				D8CF41F420D78F3E005A157A /* ViewController.swift in Sources */,
				D8CF41F220D78F3E005A157A /* AppDelegate.swift in Sources */,
			);
			runOnlyForDeploymentPostprocessing = 0;
		};
		D8CF41FE20D78F3E005A157A /* Sources */ = {
			isa = PBXSourcesBuildPhase;
			buildActionMask = 2147483647;
			files = (
				D8CF420720D78F3E005A157A /* Average_Calculator_for_iOS_11Tests.swift in Sources */,
			);
			runOnlyForDeploymentPostprocessing = 0;
		};
		D8CF420920D78F3E005A157A /* Sources */ = {
			isa = PBXSourcesBuildPhase;
			buildActionMask = 2147483647;
			files = (
				D8CF421220D78F3E005A157A /* Average_Calculator_for_iOS_11UITests.swift in Sources */,
			);
			runOnlyForDeploymentPostprocessing = 0;
		};
/* End PBXSourcesBuildPhase section */

/* Begin PBXTargetDependency section */
		D8CF420420D78F3E005A157A /* PBXTargetDependency */ = {
			isa = PBXTargetDependency;
			target = D8CF41ED20D78F3E005A157A /* Average Calculator for iOS 11 */;
			targetProxy = D8CF420320D78F3E005A157A /* PBXContainerItemProxy */;
		};
		D8CF420F20D78F3E005A157A /* PBXTargetDependency */ = {
			isa = PBXTargetDependency;
			target = D8CF41ED20D78F3E005A157A /* Average Calculator for iOS 11 */;
			targetProxy = D8CF420E20D78F3E005A157A /* PBXContainerItemProxy */;
		};
/* End PBXTargetDependency section */

/* Begin PBXVariantGroup section */
		D8CF41F520D78F3E005A157A /* Main.storyboard */ = {
			isa = PBXVariantGroup;
			children = (
				D8CF41F620D78F3E005A157A /* Base */,
			);
			name = Main.storyboard;
			sourceTree = "<group>";
		};
		D8CF41FA20D78F3E005A157A /* LaunchScreen.storyboard */ = {
			isa = PBXVariantGroup;
			children = (
				D8CF41FB20D78F3E005A157A /* Base */,
			);
			name = LaunchScreen.storyboard;
			sourceTree = "<group>";
		};
/* End PBXVariantGroup section */

/* Begin XCBuildConfiguration section */
		D8CF421420D78F3E005A157A /* Debug */ = {
			isa = XCBuildConfiguration;
			buildSettings = {
				ALWAYS_SEARCH_USER_PATHS = NO;
				CLANG_ANALYZER_NONNULL = YES;
				CLANG_ANALYZER_NUMBER_OBJECT_CONVERSION = YES_AGGRESSIVE;
				CLANG_CXX_LANGUAGE_STANDARD = "gnu++14";
				CLANG_CXX_LIBRARY = "libc++";
				CLANG_ENABLE_MODULES = YES;
				CLANG_ENABLE_OBJC_ARC = YES;
				CLANG_WARN_BLOCK_CAPTURE_AUTORELEASING = YES;
				CLANG_WARN_BOOL_CONVERSION = YES;
				CLANG_WARN_COMMA = YES;
				CLANG_WARN_CONSTANT_CONVERSION = YES;
				CLANG_WARN_DIRECT_OBJC_ISA_USAGE = YES_ERROR;
				CLANG_WARN_DOCUMENTATION_COMMENTS = YES;
				CLANG_WARN_EMPTY_BODY = YES;
				CLANG_WARN_ENUM_CONVERSION = YES;
				CLANG_WARN_INFINITE_RECURSION = YES;
				CLANG_WARN_INT_CONVERSION = YES;
				CLANG_WARN_NON_LITERAL_NULL_CONVERSION = YES;
				CLANG_WARN_OBJC_LITERAL_CONVERSION = YES;
				CLANG_WARN_OBJC_ROOT_CLASS = YES_ERROR;
				CLANG_WARN_RANGE_LOOP_ANALYSIS = YES;
				CLANG_WARN_STRICT_PROTOTYPES = YES;
				CLANG_WARN_SUSPICIOUS_MOVE = YES;
				CLANG_WARN_UNGUARDED_AVAILABILITY = YES_AGGRESSIVE;
				CLANG_WARN_UNREACHABLE_CODE = YES;
				CLANG_WARN__DUPLICATE_METHOD_MATCH = YES;
				CODE_SIGN_IDENTITY = "iPhone Developer";
				COPY_PHASE_STRIP = NO;
				DEBUG_INFORMATION_FORMAT = dwarf;
				ENABLE_STRICT_OBJC_MSGSEND = YES;
				ENABLE_TESTABILITY = YES;
				GCC_C_LANGUAGE_STANDARD = gnu11;
				GCC_DYNAMIC_NO_PIC = NO;
				GCC_NO_COMMON_BLOCKS = YES;
				GCC_OPTIMIZATION_LEVEL = 0;
				GCC_PREPROCESSOR_DEFINITIONS = (
					"DEBUG=1",
					"$(inherited)",
				);
				GCC_WARN_64_TO_32_BIT_CONVERSION = YES;
				GCC_WARN_ABOUT_RETURN_TYPE = YES_ERROR;
				GCC_WARN_UNDECLARED_SELECTOR = YES;
				GCC_WARN_UNINITIALIZED_AUTOS = YES_AGGRESSIVE;
				GCC_WARN_UNUSED_FUNCTION = YES;
				GCC_WARN_UNUSED_VARIABLE = YES;
				IPHONEOS_DEPLOYMENT_TARGET = 11.0;
				MTL_ENABLE_DEBUG_INFO = YES;
				ONLY_ACTIVE_ARCH = YES;
				SDKROOT = iphoneos;
				SWIFT_ACTIVE_COMPILATION_CONDITIONS = DEBUG;
				SWIFT_OPTIMIZATION_LEVEL = "-Onone";
			};
			name = Debug;
		};
		D8CF421520D78F3E005A157A /* Release */ = {
			isa = XCBuildConfiguration;
			buildSettings = {
				ALWAYS_SEARCH_USER_PATHS = NO;
				CLANG_ANALYZER_NONNULL = YES;
				CLANG_ANALYZER_NUMBER_OBJECT_CONVERSION = YES_AGGRESSIVE;
				CLANG_CXX_LANGUAGE_STANDARD = "gnu++14";
				CLANG_CXX_LIBRARY = "libc++";
				CLANG_ENABLE_MODULES = YES;
				CLANG_ENABLE_OBJC_ARC = YES;
				CLANG_WARN_BLOCK_CAPTURE_AUTORELEASING = YES;
				CLANG_WARN_BOOL_CONVERSION = YES;
				CLANG_WARN_COMMA = YES;
				CLANG_WARN_CONSTANT_CONVERSION = YES;
				CLANG_WARN_DIRECT_OBJC_ISA_USAGE = YES_ERROR;
				CLANG_WARN_DOCUMENTATION_COMMENTS = YES;
				CLANG_WARN_EMPTY_BODY = YES;
				CLANG_WARN_ENUM_CONVERSION = YES;
				CLANG_WARN_INFINITE_RECURSION = YES;
				CLANG_WARN_INT_CONVERSION = YES;
				CLANG_WARN_NON_LITERAL_NULL_CONVERSION = YES;
				CLANG_WARN_OBJC_LITERAL_CONVERSION = YES;
				CLANG_WARN_OBJC_ROOT_CLASS = YES_ERROR;
				CLANG_WARN_RANGE_LOOP_ANALYSIS = YES;
				CLANG_WARN_STRICT_PROTOTYPES = YES;
				CLANG_WARN_SUSPICIOUS_MOVE = YES;
				CLANG_WARN_UNGUARDED_AVAILABILITY = YES_AGGRESSIVE;
				CLANG_WARN_UNREACHABLE_CODE = YES;
				CLANG_WARN__DUPLICATE_METHOD_MATCH = YES;
				CODE_SIGN_IDENTITY = "iPhone Developer";
				COPY_PHASE_STRIP = NO;
				DEBUG_INFORMATION_FORMAT = "dwarf-with-dsym";
				ENABLE_NS_ASSERTIONS = NO;
				ENABLE_STRICT_OBJC_MSGSEND = YES;
				GCC_C_LANGUAGE_STANDARD = gnu11;
				GCC_NO_COMMON_BLOCKS = YES;
				GCC_WARN_64_TO_32_BIT_CONVERSION = YES;
				GCC_WARN_ABOUT_RETURN_TYPE = YES_ERROR;
				GCC_WARN_UNDECLARED_SELECTOR = YES;
				GCC_WARN_UNINITIALIZED_AUTOS = YES_AGGRESSIVE;
				GCC_WARN_UNUSED_FUNCTION = YES;
				GCC_WARN_UNUSED_VARIABLE = YES;
				IPHONEOS_DEPLOYMENT_TARGET = 11.0;
				MTL_ENABLE_DEBUG_INFO = NO;
				SDKROOT = iphoneos;
				SWIFT_OPTIMIZATION_LEVEL = "-Owholemodule";
				VALIDATE_PRODUCT = YES;
			};
			name = Release;
		};
		D8CF421720D78F3E005A157A /* Debug */ = {
			isa = XCBuildConfiguration;
			buildSettings = {
				ASSETCATALOG_COMPILER_APPICON_NAME = AppIcon;
				CODE_SIGN_STYLE = Automatic;
				DEVELOPMENT_TEAM = 676USJR49S;
				INFOPLIST_FILE = "Average Calculator for iOS 11/Info.plist";
				LD_RUNPATH_SEARCH_PATHS = "$(inherited) @executable_path/Frameworks";
				PRODUCT_BUNDLE_IDENTIFIER = "Sohardh.Average-Calculator-for-iOS-11";
				PRODUCT_NAME = "$(TARGET_NAME)";
				SWIFT_VERSION = 4.0;
				TARGETED_DEVICE_FAMILY = "1,2";
			};
			name = Debug;
		};
		D8CF421820D78F3E005A157A /* Release */ = {
			isa = XCBuildConfiguration;
			buildSettings = {
				ASSETCATALOG_COMPILER_APPICON_NAME = AppIcon;
				CODE_SIGN_STYLE = Automatic;
				DEVELOPMENT_TEAM = 676USJR49S;
				INFOPLIST_FILE = "Average Calculator for iOS 11/Info.plist";
				LD_RUNPATH_SEARCH_PATHS = "$(inherited) @executable_path/Frameworks";
				PRODUCT_BUNDLE_IDENTIFIER = "Sohardh.Average-Calculator-for-iOS-11";
				PRODUCT_NAME = "$(TARGET_NAME)";
				SWIFT_VERSION = 4.0;
				TARGETED_DEVICE_FAMILY = "1,2";
			};
			name = Release;
		};
		D8CF421A20D78F3E005A157A /* Debug */ = {
			isa = XCBuildConfiguration;
			buildSettings = {
				ALWAYS_EMBED_SWIFT_STANDARD_LIBRARIES = YES;
				BUNDLE_LOADER = "$(TEST_HOST)";
				CODE_SIGN_STYLE = Automatic;
				DEVELOPMENT_TEAM = 676USJR49S;
				INFOPLIST_FILE = "Average Calculator for iOS 11Tests/Info.plist";
				LD_RUNPATH_SEARCH_PATHS = "$(inherited) @executable_path/Frameworks @loader_path/Frameworks";
				PRODUCT_BUNDLE_IDENTIFIER = "Sohardh.Average-Calculator-for-iOS-11Tests";
				PRODUCT_NAME = "$(TARGET_NAME)";
				SWIFT_VERSION = 4.0;
				TARGETED_DEVICE_FAMILY = "1,2";
				TEST_HOST = "$(BUILT_PRODUCTS_DIR)/Average Calculator for iOS 11.app/Average Calculator for iOS 11";
			};
			name = Debug;
		};
		D8CF421B20D78F3E005A157A /* Release */ = {
			isa = XCBuildConfiguration;
			buildSettings = {
				ALWAYS_EMBED_SWIFT_STANDARD_LIBRARIES = YES;
				BUNDLE_LOADER = "$(TEST_HOST)";
				CODE_SIGN_STYLE = Automatic;
				DEVELOPMENT_TEAM = 676USJR49S;
				INFOPLIST_FILE = "Average Calculator for iOS 11Tests/Info.plist";
				LD_RUNPATH_SEARCH_PATHS = "$(inherited) @executable_path/Frameworks @loader_path/Frameworks";
				PRODUCT_BUNDLE_IDENTIFIER = "Sohardh.Average-Calculator-for-iOS-11Tests";
				PRODUCT_NAME = "$(TARGET_NAME)";
				SWIFT_VERSION = 4.0;
				TARGETED_DEVICE_FAMILY = "1,2";
				TEST_HOST = "$(BUILT_PRODUCTS_DIR)/Average Calculator for iOS 11.app/Average Calculator for iOS 11";
			};
			name = Release;
		};
		D8CF421D20D78F3E005A157A /* Debug */ = {
			isa = XCBuildConfiguration;
			buildSettings = {
				ALWAYS_EMBED_SWIFT_STANDARD_LIBRARIES = YES;
				CODE_SIGN_STYLE = Automatic;
				DEVELOPMENT_TEAM = 676USJR49S;
				INFOPLIST_FILE = "Average Calculator for iOS 11UITests/Info.plist";
				LD_RUNPATH_SEARCH_PATHS = "$(inherited) @executable_path/Frameworks @loader_path/Frameworks";
				PRODUCT_BUNDLE_IDENTIFIER = "Sohardh.Average-Calculator-for-iOS-11UITests";
				PRODUCT_NAME = "$(TARGET_NAME)";
				SWIFT_VERSION = 4.0;
				TARGETED_DEVICE_FAMILY = "1,2";
				TEST_TARGET_NAME = "Average Calculator for iOS 11";
			};
			name = Debug;
		};
		D8CF421E20D78F3E005A157A /* Release */ = {
			isa = XCBuildConfiguration;
			buildSettings = {
				ALWAYS_EMBED_SWIFT_STANDARD_LIBRARIES = YES;
				CODE_SIGN_STYLE = Automatic;
				DEVELOPMENT_TEAM = 676USJR49S;
				INFOPLIST_FILE = "Average Calculator for iOS 11UITests/Info.plist";
				LD_RUNPATH_SEARCH_PATHS = "$(inherited) @executable_path/Frameworks @loader_path/Frameworks";
				PRODUCT_BUNDLE_IDENTIFIER = "Sohardh.Average-Calculator-for-iOS-11UITests";
				PRODUCT_NAME = "$(TARGET_NAME)";
				SWIFT_VERSION = 4.0;
				TARGETED_DEVICE_FAMILY = "1,2";
				TEST_TARGET_NAME = "Average Calculator for iOS 11";
			};
			name = Release;
		};
/* End XCBuildConfiguration section */

/* Begin XCConfigurationList section */
		D8CF41E920D78F3E005A157A /* Build configuration list for PBXProject "Average Calculator for iOS 11" */ = {
			isa = XCConfigurationList;
			buildConfigurations = (
				D8CF421420D78F3E005A157A /* Debug */,
				D8CF421520D78F3E005A157A /* Release */,
			);
			defaultConfigurationIsVisible = 0;
			defaultConfigurationName = Release;
		};
		D8CF421620D78F3E005A157A /* Build configuration list for PBXNativeTarget "Average Calculator for iOS 11" */ = {
			isa = XCConfigurationList;
			buildConfigurations = (
				D8CF421720D78F3E005A157A /* Debug */,
				D8CF421820D78F3E005A157A /* Release */,
			);
			defaultConfigurationIsVisible = 0;
			defaultConfigurationName = Release;
		};
		D8CF421920D78F3E005A157A /* Build configuration list for PBXNativeTarget "Average Calculator for iOS 11Tests" */ = {
			isa = XCConfigurationList;
			buildConfigurations = (
				D8CF421A20D78F3E005A157A /* Debug */,
				D8CF421B20D78F3E005A157A /* Release */,
			);
			defaultConfigurationIsVisible = 0;
			defaultConfigurationName = Release;
		};
		D8CF421C20D78F3E005A157A /* Build configuration list for PBXNativeTarget "Average Calculator for iOS 11UITests" */ = {
			isa = XCConfigurationList;
			buildConfigurations = (
				D8CF421D20D78F3E005A157A /* Debug */,
				D8CF421E20D78F3E005A157A /* Release */,
			);
			defaultConfigurationIsVisible = 0;
			defaultConfigurationName = Release;
		};
/* End XCConfigurationList section */
	};
	rootObject = D8CF41E620D78F3D005A157A /* Project object */;
}
